PODS:
  - Flutter (1.0.0)
  - piano_analytics_plugin (0.0.1):
    - Flutter
    - PianoAnalytics/iOS (>= 3.1)
  - PianoAnalytics/iOS (3.1.1):
    - PianoConsents (~> 1.0.7)
  - PianoConsents (1.0.7)

DEPENDENCIES:
  - Flutter (from `Flutter`)
  - piano_analytics_plugin (from `.symlinks/plugins/piano_analytics_plugin/ios`)

SPEC REPOS:
  trunk:
    - PianoAnalytics
    - PianoConsents

EXTERNAL SOURCES:
  Flutter:
    :path: Flutter
  piano_analytics_plugin:
    :path: ".symlinks/plugins/piano_analytics_plugin/ios"

SPEC CHECKSUMS:
  Flutter: e0871f40cf51350855a761d2e70bf5af5b9b5de7
  piano_analytics_plugin: 7bf6eedde8d084b4f3b0114f0d479f1ffbe338f7
  PianoAnalytics: 4c5454d13b72e83ea4d5847723f8475f299ebd8c
  PianoConsents: aed720bf57e25553dc599c0c0b1ed3a1d13df9a0

PODFILE CHECKSUM: 775997f741c536251164e3eacf6e34abf2eb7a17

COCOAPODS: 1.13.0
